
Microsoft Visual Studio Solution File, Format Version 12.00
# Visual Studio Version 16
VisualStudioVersion = 16.0.31702.278
MinimumVisualStudioVersion = 10.0.40219.1
Project("{FAE04EC0-301F-11D3-BF4B-00C04F79EFBC}") = "martesbiblio.Android", "martesbiblio\martesbiblio.Android\martesbiblio.Android.csproj", "{49AB271C-701F-4BD6-8E4E-90BA70E7254D}"
EndProject
Project("{FAE04EC0-301F-11D3-BF4B-00C04F79EFBC}") = "martesbiblio.iOS", "martesbiblio\martesbiblio.iOS\martesbiblio.iOS.csproj", "{B7CE5656-CE47-43B5-BDA7-E0F538318EB2}"
EndProject
Project("{FAE04EC0-301F-11D3-BF4B-00C04F79EFBC}") = "martesbiblio", "martesbiblio\martesbiblio\martesbiblio.csproj", "{A7798D5C-9083-4748-866F-28E070C435CF}"
EndProject
Global
	GlobalSection(SolutionConfigurationPlatforms) = preSolution
		Debug|Any CPU = Debug|Any CPU
		Debug|iPhone = Debug|iPhone
		Debug|iPhoneSimulator = Debug|iPhoneSimulator
		Release|Any CPU = Release|Any CPU
		Release|iPhone = Release|iPhone
		Release|iPhoneSimulator = Release|iPhoneSimulator
	EndGlobalSection
	GlobalSection(ProjectConfigurationPlatforms) = postSolution
		{49AB271C-701F-4BD6-8E4E-90BA70E7254D}.Debug|Any CPU.ActiveCfg = Debug|Any CPU
		{49AB271C-701F-4BD6-8E4E-90BA70E7254D}.Debug|Any CPU.Build.0 = Debug|Any CPU
		{49AB271C-701F-4BD6-8E4E-90BA70E7254D}.Debug|Any CPU.Deploy.0 = Debug|Any CPU
		{49AB271C-701F-4BD6-8E4E-90BA70E7254D}.Debug|iPhone.ActiveCfg = Debug|Any CPU
		{49AB271C-701F-4BD6-8E4E-90BA70E7254D}.Debug|iPhone.Build.0 = Debug|Any CPU
		{49AB271C-701F-4BD6-8E4E-90BA70E7254D}.Debug|iPhone.Deploy.0 = Debug|Any CPU
		{49AB271C-701F-4BD6-8E4E-90BA70E7254D}.Debug|iPhoneSimulator.ActiveCfg = Debug|Any CPU
		{49AB271C-701F-4BD6-8E4E-90BA70E7254D}.Debug|iPhoneSimulator.Build.0 = Debug|Any CPU
		{49AB271C-701F-4BD6-8E4E-90BA70E7254D}.Debug|iPhoneSimulator.Deploy.0 = Debug|Any CPU
		{49AB271C-701F-4BD6-8E4E-90BA70E7254D}.Release|Any CPU.ActiveCfg = Release|Any CPU
		{49AB271C-701F-4BD6-8E4E-90BA70E7254D}.Release|Any CPU.Build.0 = Release|Any CPU
		{49AB271C-701F-4BD6-8E4E-90BA70E7254D}.Release|Any CPU.Deploy.0 = Release|Any CPU
		{49AB271C-701F-4BD6-8E4E-90BA70E7254D}.Release|iPhone.ActiveCfg = Release|Any CPU
		{49AB271C-701F-4BD6-8E4E-90BA70E7254D}.Release|iPhone.Build.0 = Release|Any CPU
		{49AB271C-701F-4BD6-8E4E-90BA70E7254D}.Release|iPhone.Deploy.0 = Release|Any CPU
		{49AB271C-701F-4BD6-8E4E-90BA70E7254D}.Release|iPhoneSimulator.ActiveCfg = Release|Any CPU
		{49AB271C-701F-4BD6-8E4E-90BA70E7254D}.Release|iPhoneSimulator.Build.0 = Release|Any CPU
		{49AB271C-701F-4BD6-8E4E-90BA70E7254D}.Release|iPhoneSimulator.Deploy.0 = Release|Any CPU
		{B7CE5656-CE47-43B5-BDA7-E0F538318EB2}.Debug|Any CPU.ActiveCfg = Debug|iPhone
		{B7CE5656-CE47-43B5-BDA7-E0F538318EB2}.Debug|Any CPU.Build.0 = Debug|iPhone
		{B7CE5656-CE47-43B5-BDA7-E0F538318EB2}.Debug|Any CPU.Deploy.0 = Debug|iPhone
		{B7CE5656-CE47-43B5-BDA7-E0F538318EB2}.Debug|iPhone.ActiveCfg = Debug|iPhone
		{B7CE5656-CE47-43B5-BDA7-E0F538318EB2}.Debug|iPhone.Build.0 = Debug|iPhone
		{B7CE5656-CE47-43B5-BDA7-E0F538318EB2}.Debug|iPhone.Deploy.0 = Debug|iPhone
		{B7CE5656-CE47-43B5-BDA7-E0F538318EB2}.Debug|iPhoneSimulator.ActiveCfg = Debug|iPhoneSimulator
		{B7CE5656-CE47-43B5-BDA7-E0F538318EB2}.Debug|iPhoneSimulator.Build.0 = Debug|iPhoneSimulator
		{B7CE5656-CE47-43B5-BDA7-E0F538318EB2}.Debug|iPhoneSimulator.Deploy.0 = Debug|iPhoneSimulator
		{B7CE5656-CE47-43B5-BDA7-E0F538318EB2}.Release|Any CPU.ActiveCfg = Release|iPhoneSimulator
		{B7CE5656-CE47-43B5-BDA7-E0F538318EB2}.Release|Any CPU.Build.0 = Release|iPhoneSimulator
		{B7CE5656-CE47-43B5-BDA7-E0F538318EB2}.Release|Any CPU.Deploy.0 = Release|iPhoneSimulator
		{B7CE5656-CE47-43B5-BDA7-E0F538318EB2}.Release|iPhone.ActiveCfg = Release|iPhone
		{B7CE5656-CE47-43B5-BDA7-E0F538318EB2}.Release|iPhone.Build.0 = Release|iPhone
		{B7CE5656-CE47-43B5-BDA7-E0F538318EB2}.Release|iPhone.Deploy.0 = Release|iPhone
		{B7CE5656-CE47-43B5-BDA7-E0F538318EB2}.Release|iPhoneSimulator.ActiveCfg = Release|iPhoneSimulator
		{B7CE5656-CE47-43B5-BDA7-E0F538318EB2}.Release|iPhoneSimulator.Build.0 = Release|iPhoneSimulator
		{B7CE5656-CE47-43B5-BDA7-E0F538318EB2}.Release|iPhoneSimulator.Deploy.0 = Release|iPhoneSimulator
		{A7798D5C-9083-4748-866F-28E070C435CF}.Debug|Any CPU.ActiveCfg = Debug|Any CPU
		{A7798D5C-9083-4748-866F-28E070C435CF}.Debug|Any CPU.Build.0 = Debug|Any CPU
		{A7798D5C-9083-4748-866F-28E070C435CF}.Debug|Any CPU.Deploy.0 = Debug|Any CPU
		{A7798D5C-9083-4748-866F-28E070C435CF}.Debug|iPhone.ActiveCfg = Debug|Any CPU
		{A7798D5C-9083-4748-866F-28E070C435CF}.Debug|iPhone.Build.0 = Debug|Any CPU
		{A7798D5C-9083-4748-866F-28E070C435CF}.Debug|iPhone.Deploy.0 = Debug|Any CPU
		{A7798D5C-9083-4748-866F-28E070C435CF}.Debug|iPhoneSimulator.ActiveCfg = Debug|Any CPU
		{A7798D5C-9083-4748-866F-28E070C435CF}.Debug|iPhoneSimulator.Build.0 = Debug|Any CPU
		{A7798D5C-9083-4748-866F-28E070C435CF}.Debug|iPhoneSimulator.Deploy.0 = Debug|Any CPU
		{A7798D5C-9083-4748-866F-28E070C435CF}.Release|Any CPU.ActiveCfg = Release|Any CPU
		{A7798D5C-9083-4748-866F-28E070C435CF}.Release|Any CPU.Build.0 = Release|Any CPU
		{A7798D5C-9083-4748-866F-28E070C435CF}.Release|Any CPU.Deploy.0 = Release|Any CPU
		{A7798D5C-9083-4748-866F-28E070C435CF}.Release|iPhone.ActiveCfg = Release|Any CPU
		{A7798D5C-9083-4748-866F-28E070C435CF}.Release|iPhone.Build.0 = Release|Any CPU
		{A7798D5C-9083-4748-866F-28E070C435CF}.Release|iPhone.Deploy.0 = Release|Any CPU
		{A7798D5C-9083-4748-866F-28E070C435CF}.Release|iPhoneSimulator.ActiveCfg = Release|Any CPU
		{A7798D5C-9083-4748-866F-28E070C435CF}.Release|iPhoneSimulator.Build.0 = Release|Any CPU
		{A7798D5C-9083-4748-866F-28E070C435CF}.Release|iPhoneSimulator.Deploy.0 = Release|Any CPU
	EndGlobalSection
	GlobalSection(SolutionProperties) = preSolution
		HideSolutionNode = FALSE
	EndGlobalSection
	GlobalSection(ExtensibilityGlobals) = postSolution
		SolutionGuid = {2FEA208E-CB4A-4467-867C-3A3D638DE820}
	EndGlobalSection
EndGlobal
